
Microsoft Visual Studio Solution File, Format Version 12.00
# Visual Studio 2012
Project("{FAE04EC0-301F-11D3-BF4B-00C04F79EFBC}") = "MediaBrowser.InstallUtil", "MediaBrowser.InstallUtil.csproj", "{53B4D262-EE37-406F-BA43-D5E12240937D}"
EndProject
Project("{FAE04EC0-301F-11D3-BF4B-00C04F79EFBC}") = "MediaBrowser.Server.Installer", "..\MediaBrowser.Server.Installer\MediaBrowser.Server.Installer.csproj", "{9698E18C-BCA0-4F24-8D9C-2F3ADB150A4E}"
EndProject
Project("{FAE04EC0-301F-11D3-BF4B-00C04F79EFBC}") = "MediaBrowser.Uninstaller", "..\MediaBrowser.Uninstaller\MediaBrowser.Uninstaller.csproj", "{FACAF749-3E28-46DD-B613-654FCD434959}"
EndProject
Project("{FAE04EC0-301F-11D3-BF4B-00C04F79EFBC}") = "MediaBrowser.Classic.Installer", "..\MediaBrowser.Classic.Installer\MediaBrowser.Classic.Installer.csproj", "{D4150BCB-27A0-4AE9-B732-00A2133C9FAF}"
EndProject
Project("{FAE04EC0-301F-11D3-BF4B-00C04F79EFBC}") = "MediaBrowser.Theater.Installer", "..\MediaBrowser.Theater.Installer\MediaBrowser.Theater.Installer.csproj", "{B415ECE9-7B5E-462B-A341-FCC4A057C6C3}"
EndProject
Project("{FAE04EC0-301F-11D3-BF4B-00C04F79EFBC}") = "MediaBrowser.Updater.Console", "..\MediaBrowser.Updater.Console\MediaBrowser.Updater.Console.csproj", "{96BDFC4F-0EC5-4627-9B31-1C8083A6ADF3}"
EndProject
Project("{2150E333-8FDC-42A3-9474-1A3956D46DE8}") = ".nuget", ".nuget", "{C659554F-AC78-429F-A4D6-B7E78BF4DCF8}"
	ProjectSection(SolutionItems) = preProject
		.nuget\NuGet.Config = .nuget\NuGet.Config
		.nuget\NuGet.exe = .nuget\NuGet.exe
		.nuget\NuGet.targets = .nuget\NuGet.targets
	EndProjectSection
EndProject
Global
	GlobalSection(SolutionConfigurationPlatforms) = preSolution
		Debug|Any CPU = Debug|Any CPU
		Release|Any CPU = Release|Any CPU
	EndGlobalSection
	GlobalSection(ProjectConfigurationPlatforms) = postSolution
		{53B4D262-EE37-406F-BA43-D5E12240937D}.Debug|Any CPU.ActiveCfg = Debug|Any CPU
		{53B4D262-EE37-406F-BA43-D5E12240937D}.Debug|Any CPU.Build.0 = Debug|Any CPU
		{53B4D262-EE37-406F-BA43-D5E12240937D}.Release|Any CPU.ActiveCfg = Release|Any CPU
		{53B4D262-EE37-406F-BA43-D5E12240937D}.Release|Any CPU.Build.0 = Release|Any CPU
		{9698E18C-BCA0-4F24-8D9C-2F3ADB150A4E}.Debug|Any CPU.ActiveCfg = Debug|Any CPU
		{9698E18C-BCA0-4F24-8D9C-2F3ADB150A4E}.Debug|Any CPU.Build.0 = Debug|Any CPU
		{9698E18C-BCA0-4F24-8D9C-2F3ADB150A4E}.Release|Any CPU.ActiveCfg = Release|Any CPU
		{9698E18C-BCA0-4F24-8D9C-2F3ADB150A4E}.Release|Any CPU.Build.0 = Release|Any CPU
		{FACAF749-3E28-46DD-B613-654FCD434959}.Debug|Any CPU.ActiveCfg = Debug|Any CPU
		{FACAF749-3E28-46DD-B613-654FCD434959}.Debug|Any CPU.Build.0 = Debug|Any CPU
		{FACAF749-3E28-46DD-B613-654FCD434959}.Release|Any CPU.ActiveCfg = Release|Any CPU
		{FACAF749-3E28-46DD-B613-654FCD434959}.Release|Any CPU.Build.0 = Release|Any CPU
		{D4150BCB-27A0-4AE9-B732-00A2133C9FAF}.Debug|Any CPU.ActiveCfg = Debug|Any CPU
		{D4150BCB-27A0-4AE9-B732-00A2133C9FAF}.Debug|Any CPU.Build.0 = Debug|Any CPU
		{D4150BCB-27A0-4AE9-B732-00A2133C9FAF}.Release|Any CPU.ActiveCfg = Release|Any CPU
		{D4150BCB-27A0-4AE9-B732-00A2133C9FAF}.Release|Any CPU.Build.0 = Release|Any CPU
		{B415ECE9-7B5E-462B-A341-FCC4A057C6C3}.Debug|Any CPU.ActiveCfg = Debug|Any CPU
		{B415ECE9-7B5E-462B-A341-FCC4A057C6C3}.Debug|Any CPU.Build.0 = Debug|Any CPU
		{B415ECE9-7B5E-462B-A341-FCC4A057C6C3}.Release|Any CPU.ActiveCfg = Release|Any CPU
		{B415ECE9-7B5E-462B-A341-FCC4A057C6C3}.Release|Any CPU.Build.0 = Release|Any CPU
		{96BDFC4F-0EC5-4627-9B31-1C8083A6ADF3}.Debug|Any CPU.ActiveCfg = Debug|Any CPU
		{96BDFC4F-0EC5-4627-9B31-1C8083A6ADF3}.Debug|Any CPU.Build.0 = Debug|Any CPU
		{96BDFC4F-0EC5-4627-9B31-1C8083A6ADF3}.Release|Any CPU.ActiveCfg = Release|Any CPU
		{96BDFC4F-0EC5-4627-9B31-1C8083A6ADF3}.Release|Any CPU.Build.0 = Release|Any CPU
	EndGlobalSection
	GlobalSection(SolutionProperties) = preSolution
		HideSolutionNode = FALSE
	EndGlobalSection
EndGlobal
